# @generated - this file is auto-generated by `mise lock` https://mise.jdx.dev/dev-tools/mise-lock.html

[[tools."aqua:aquasecurity/trivy"]]
version = "v0.69.3"
backend = "aqua:aquasecurity/trivy"

[tools."aqua:aquasecurity/trivy"."platforms.linux-arm64"]
checksum = "sha256:7e3924a974e912e57b4a99f65ece7931f8079584dae12eb7845024f97087bdfd"
url = "https://github.com/aquasecurity/trivy/releases/download/v0.69.3/trivy_0.69.3_Linux-ARM64.tar.gz"

[tools."aqua:aquasecurity/trivy"."platforms.macos-arm64"]
checksum = "sha256:a2f2179afd4f8bb265ca3c7aefb56a666bc4a9a411663bc0f22c3549fbc643a5"
url = "https://github.com/aquasecurity/trivy/releases/download/v0.69.3/trivy_0.69.3_macOS-ARM64.tar.gz"

[[tools."aqua:bridgecrewio/checkov"]]
version = "3.2.524"
backend = "aqua:bridgecrewio/checkov"

[tools."aqua:bridgecrewio/checkov"."platforms.linux-arm64"]
checksum = "sha256:acfb3a1bfed0dd5e36f31c6acbe7ba1d3adb6ed6e1a784b57e4caa7b0a9c76ab"
url = "https://github.com/bridgecrewio/checkov/releases/download/3.2.524/checkov_linux_arm64.zip"

[tools."aqua:bridgecrewio/checkov"."platforms.linux-arm64-musl"]
checksum = "sha256:acfb3a1bfed0dd5e36f31c6acbe7ba1d3adb6ed6e1a784b57e4caa7b0a9c76ab"
url = "https://github.com/bridgecrewio/checkov/releases/download/3.2.524/checkov_linux_arm64.zip"

[tools."aqua:bridgecrewio/checkov"."platforms.linux-x64"]
checksum = "sha256:075ee47b0220033dd05d8bc7b1f0548b76aa1e89a407f0e70ee0f45d714e7c0f"
url = "https://github.com/bridgecrewio/checkov/releases/download/3.2.524/checkov_linux_X86_64.zip"

[tools."aqua:bridgecrewio/checkov"."platforms.linux-x64-musl"]
checksum = "sha256:075ee47b0220033dd05d8bc7b1f0548b76aa1e89a407f0e70ee0f45d714e7c0f"
url = "https://github.com/bridgecrewio/checkov/releases/download/3.2.524/checkov_linux_X86_64.zip"

[tools."aqua:bridgecrewio/checkov"."platforms.macos-arm64"]
checksum = "sha256:9e0b5554b14cc74eb1857863029789e8dcb5e9ee1e09053f4af4cebe3d2ec917"
url = "https://github.com/bridgecrewio/checkov/releases/download/3.2.524/checkov_darwin_X86_64.zip"

[tools."aqua:bridgecrewio/checkov"."platforms.macos-x64"]
checksum = "sha256:9e0b5554b14cc74eb1857863029789e8dcb5e9ee1e09053f4af4cebe3d2ec917"
url = "https://github.com/bridgecrewio/checkov/releases/download/3.2.524/checkov_darwin_X86_64.zip"

[tools."aqua:bridgecrewio/checkov"."platforms.windows-x64"]
checksum = "sha256:cf6e5ae84e883de29b6468bb103174d1cec212419b4d790078ace05ed1837859"
url = "https://github.com/bridgecrewio/checkov/releases/download/3.2.524/checkov_windows_X86_64.zip"

[[tools.awscli]]
version = "2.34.26"
backend = "aqua:aws/aws-cli"

[tools.awscli."platforms.linux-arm64"]
url = "https://awscli.amazonaws.com/awscli-exe-linux-aarch64-2.34.26.zip"

[tools.awscli."platforms.macos-arm64"]
url = "https://awscli.amazonaws.com/AWSCLIV2-2.34.26.pkg"

[[tools.gitleaks]]
version = "8.30.1"
backend = "aqua:gitleaks/gitleaks"

[tools.gitleaks."platforms.linux-arm64"]
checksum = "sha256:e4a487ee7ccd7d3a7f7ec08657610aa3606637dab924210b3aee62570fb4b080"
url = "https://github.com/gitleaks/gitleaks/releases/download/v8.30.1/gitleaks_8.30.1_linux_arm64.tar.gz"

[tools.gitleaks."platforms.macos-arm64"]
checksum = "sha256:b40ab0ae55c505963e365f271a8d3846efbc170aa17f2607f13df610a9aeb6a5"
url = "https://github.com/gitleaks/gitleaks/releases/download/v8.30.1/gitleaks_8.30.1_darwin_arm64.tar.gz"

[[tools.go]]
version = "1.26.2"
backend = "core:go"

[tools.go."platforms.linux-arm64"]
checksum = "sha256:c958a1fe1b361391db163a485e21f5f228142d6f8b584f6bef89b26f66dc5b23"
url = "https://dl.google.com/go/go1.26.2.linux-arm64.tar.gz"

[tools.go."platforms.macos-arm64"]
checksum = "sha256:32af1522bf3e3ff3975864780a429cc0b41d190ec7bf90faa661d6d64566e7af"
url = "https://dl.google.com/go/go1.26.2.darwin-arm64.tar.gz"

[[tools."go:github.com/pressly/goose/v3/cmd/goose"]]
version = "3.27.0"
backend = "go:github.com/pressly/goose/v3/cmd/goose"

[[tools.pipx]]
version = "1.11.0"
backend = "aqua:pypa/pipx"

[tools.pipx."platforms.linux-arm64"]
checksum = "sha256:088012ed44db557464e48721275b62b2c2a9a943f444cde05f82cf7a23e63dbc"
url = "https://github.com/pypa/pipx/releases/download/1.11.0/pipx.pyz"

[tools.pipx."platforms.macos-arm64"]
checksum = "sha256:088012ed44db557464e48721275b62b2c2a9a943f444cde05f82cf7a23e63dbc"
url = "https://github.com/pypa/pipx/releases/download/1.11.0/pipx.pyz"

[[tools.pre-commit]]
version = "4.5.1"
backend = "aqua:pre-commit/pre-commit"

[tools.pre-commit."platforms.linux-arm64"]
checksum = "sha256:19d00ba35cbf9c04dc3736cd8bb641e8633f3eddd4cedde71809574ae68a2cd1"
url = "https://github.com/pre-commit/pre-commit/releases/download/v4.5.1/pre-commit-4.5.1.pyz"

[tools.pre-commit."platforms.macos-arm64"]
checksum = "sha256:19d00ba35cbf9c04dc3736cd8bb641e8633f3eddd4cedde71809574ae68a2cd1"
url = "https://github.com/pre-commit/pre-commit/releases/download/v4.5.1/pre-commit-4.5.1.pyz"

[[tools.python]]
version = "3.14.2"
backend = "core:python"

[[tools.terraform]]
version = "1.14.8"
backend = "aqua:hashicorp/terraform"

[tools.terraform."platforms.linux-arm64"]
checksum = "sha256:c953171cde6b25ca0448c3b29a90d2f46c0310121e18742ec8f89631768e770c"
url = "https://releases.hashicorp.com/terraform/1.14.8/terraform_1.14.8_linux_arm64.zip"

[tools.terraform."platforms.macos-arm64"]
checksum = "sha256:5593670a2d42323847bfb216db17c73a44df201a62f7587928bae16adeabba23"
url = "https://releases.hashicorp.com/terraform/1.14.8/terraform_1.14.8_darwin_arm64.zip"

[[tools.terraform-docs]]
version = "0.22.0"
backend = "aqua:terraform-docs/terraform-docs"

[tools.terraform-docs."platforms.linux-arm64"]
checksum = "sha256:4feccd471e0595546271bde7aabd275a5c1a5b055d6cd89c2678b38ced1376f6"
url = "https://github.com/terraform-docs/terraform-docs/releases/download/v0.22.0/terraform-docs-v0.22.0-linux-arm64.tar.gz"

[tools.terraform-docs."platforms.macos-arm64"]
checksum = "sha256:a8a698c8c1bd0a77189fd15a6f9ac9d99445b1e22f5376a8f7c830fa7407592d"
url = "https://github.com/terraform-docs/terraform-docs/releases/download/v0.22.0/terraform-docs-v0.22.0-darwin-arm64.tar.gz"

[[tools.terragrunt]]
version = "1.0.0"
backend = "aqua:gruntwork-io/terragrunt"

[tools.terragrunt."platforms.linux-arm64"]
checksum = "sha256:4e9993bd25e00d4f1a7f8d48e7aa881fc2edb6efff3cc70b49f9e3f02000736e"
url = "https://github.com/gruntwork-io/terragrunt/releases/download/v1.0.0/terragrunt_linux_arm64.tar.gz"

[tools.terragrunt."platforms.macos-arm64"]
checksum = "sha256:37ac71758f470323cb3ab2d076550a8f03b274e8854d66f80a9d4008c65be6d5"
url = "https://github.com/gruntwork-io/terragrunt/releases/download/v1.0.0/terragrunt_darwin_arm64.tar.gz"

[[tools.tflint]]
version = "0.61.0"
backend = "aqua:terraform-linters/tflint"

[tools.tflint."platforms.linux-arm64"]
checksum = "sha256:999c25cfdb5208fe1133dec6b219e666a39fc2a7a0786a781dc9924ea5945ebf"
url = "https://github.com/terraform-linters/tflint/releases/download/v0.61.0/tflint_linux_arm64.zip"

[tools.tflint."platforms.macos-arm64"]
checksum = "sha256:6593fa24cb6e14d2d0cf7af7fd02a271242f1038af6ecb5384f6738e105a0fea"
url = "https://github.com/terraform-linters/tflint/releases/download/v0.61.0/tflint_darwin_arm64.zip"

[[tools.vale]]
version = "3.14.1"
backend = "aqua:errata-ai/vale"

[tools.vale."platforms.linux-arm64"]
checksum = "sha256:6a442a4ff1e67ff0beb08b608b039a38ab1f5bd6170afef903130a63831d1b2b"
url = "https://github.com/vale-cli/vale/releases/download/v3.14.1/vale_3.14.1_Linux_arm64.tar.gz"

[tools.vale."platforms.macos-arm64"]
checksum = "sha256:1a4a0923f59b293d691bd901300cc4da50a6bbfd962503239b5efe9563e0bd8e"
url = "https://github.com/vale-cli/vale/releases/download/v3.14.1/vale_3.14.1_macOS_arm64.tar.gz"
